{
  "name": "@gettemp-email/testing",
  "version": "0.1.0",
  "lockfileVersion": 3,
  "requires": true,
  "packages": {
    "": {
      "name": "@gettemp-email/testing",
      "version": "0.1.0",
      "license": "MIT",
      "bin": {
        "gettemp-email-testing": "src/cli.js"
      },
      "engines": {
        "node": ">=20"
      }
    }
  }
}
